
Microsoft Visual Studio Solution File, Format Version 12.00
# Visual Studio Version 17
VisualStudioVersion = 17.8.34330.188
MinimumVisualStudioVersion = 10.0.40219.1
Project("{9A19103F-16F7-4668-BE54-9A1E7A4F7556}") = "GeminiCSharp", "GeminiCSharp\GeminiCSharp.csproj", "{AD2DBA07-E251-4B6F-B001-2E71094249E3}"
EndProject
Project("{9A19103F-16F7-4668-BE54-9A1E7A4F7556}") = "GeminiCSharpTests", "GeminiCSharpTests\GeminiCSharpTests.csproj", "{6579CA94-FF9C-4ED1-93DF-FAF229BA2A85}"
EndProject
Global
	GlobalSection(SolutionConfigurationPlatforms) = preSolution
		Debug|Any CPU = Debug|Any CPU
		Release|Any CPU = Release|Any CPU
	EndGlobalSection
	GlobalSection(ProjectConfigurationPlatforms) = postSolution
		{AD2DBA07-E251-4B6F-B001-2E71094249E3}.Debug|Any CPU.ActiveCfg = Debug|Any CPU
		{AD2DBA07-E251-4B6F-B001-2E71094249E3}.Debug|Any CPU.Build.0 = Debug|Any CPU
		{AD2DBA07-E251-4B6F-B001-2E71094249E3}.Release|Any CPU.ActiveCfg = Release|Any CPU
		{AD2DBA07-E251-4B6F-B001-2E71094249E3}.Release|Any CPU.Build.0 = Release|Any CPU
		{6579CA94-FF9C-4ED1-93DF-FAF229BA2A85}.Debug|Any CPU.ActiveCfg = Debug|Any CPU
		{6579CA94-FF9C-4ED1-93DF-FAF229BA2A85}.Debug|Any CPU.Build.0 = Debug|Any CPU
		{6579CA94-FF9C-4ED1-93DF-FAF229BA2A85}.Release|Any CPU.ActiveCfg = Release|Any CPU
		{6579CA94-FF9C-4ED1-93DF-FAF229BA2A85}.Release|Any CPU.Build.0 = Release|Any CPU
	EndGlobalSection
	GlobalSection(SolutionProperties) = preSolution
		HideSolutionNode = FALSE
	EndGlobalSection
	GlobalSection(ExtensibilityGlobals) = postSolution
		SolutionGuid = {B1A3E804-457D-417E-B68C-9D9C7678F01A}
	EndGlobalSection
EndGlobal
